
Microsoft Visual Studio Solution File, Format Version 12.00
# Visual Studio Version 17
VisualStudioVersion = 17.8.34330.188
MinimumVisualStudioVersion = 10.0.40219.1
Project("{FAE04EC0-301F-11D3-BF4B-00C04F79EFBC}") = "Variables", "Variables\Variables.csproj", "{A7456962-769F-4ADA-A4BB-749803C17D11}"
EndProject
Global
	GlobalSection(SolutionConfigurationPlatforms) = preSolution
		Debug|Any CPU = Debug|Any CPU
		Release|Any CPU = Release|Any CPU
	EndGlobalSection
	GlobalSection(ProjectConfigurationPlatforms) = postSolution
		{A7456962-769F-4ADA-A4BB-749803C17D11}.Debug|Any CPU.ActiveCfg = Debug|Any CPU
		{A7456962-769F-4ADA-A4BB-749803C17D11}.Debug|Any CPU.Build.0 = Debug|Any CPU
		{A7456962-769F-4ADA-A4BB-749803C17D11}.Release|Any CPU.ActiveCfg = Release|Any CPU
		{A7456962-769F-4ADA-A4BB-749803C17D11}.Release|Any CPU.Build.0 = Release|Any CPU
	EndGlobalSection
	GlobalSection(SolutionProperties) = preSolution
		HideSolutionNode = FALSE
	EndGlobalSection
	GlobalSection(ExtensibilityGlobals) = postSolution
		SolutionGuid = {B10517B3-7B39-45BB-8C68-C99D74FA7464}
	EndGlobalSection
EndGlobal
